// !$*UTF8*$!
{
	archiveVersion = 1;
	classes = {
	};
	objectVersion = 46;
	objects = {

/* Begin PBXBuildFile section */
		D97C69821B2C757400590068 /* AppDelegate.swift in Sources */ = {isa = PBXBuildFile; fileRef = D97C69811B2C757400590068 /* AppDelegate.swift */; };
		D97C69841B2C757400590068 /* ViewController.swift in Sources */ = {isa = PBXBuildFile; fileRef = D97C69831B2C757400590068 /* ViewController.swift */; };
		D97C69871B2C757400590068 /* Main.storyboard in Resources */ = {isa = PBXBuildFile; fileRef = D97C69851B2C757400590068 /* Main.storyboard */; };
		D97C69891B2C757400590068 /* Images.xcassets in Resources */ = {isa = PBXBuildFile; fileRef = D97C69881B2C757400590068 /* Images.xcassets */; };
		D97C698C1B2C757400590068 /* LaunchScreen.xib in Resources */ = {isa = PBXBuildFile; fileRef = D97C698A1B2C757400590068 /* LaunchScreen.xib */; };
		D97C69981B2C757400590068 /* MfrequencyTests.swift in Sources */ = {isa = PBXBuildFile; fileRef = D97C69971B2C757400590068 /* MfrequencyTests.swift */; };
		D97C69A31B2C86B600590068 /* OBSlider.m in Sources */ = {isa = PBXBuildFile; fileRef = D97C69A21B2C86B600590068 /* OBSlider.m */; };
		D97C69A71B2C89EB00590068 /* toneGen.m in Sources */ = {isa = PBXBuildFile; fileRef = D97C69A61B2C89EB00590068 /* toneGen.m */; };
		D97C69AB1B2C97E000590068 /* CoreAudio.framework in Frameworks */ = {isa = PBXBuildFile; fileRef = D97C69AA1B2C97E000590068 /* CoreAudio.framework */; };
		D97C69AF1B2C98D300590068 /* AudioToolbox.framework in Frameworks */ = {isa = PBXBuildFile; fileRef = D97C69AE1B2C98D300590068 /* AudioToolbox.framework */; };
		D983CC261B42E603005AA49E /* background.jpg in Resources */ = {isa = PBXBuildFile; fileRef = D983CC251B42E603005AA49E /* background.jpg */; };
		D9E27CDD1B6FBC4000397ADC /* RangePopoverViewController.swift in Sources */ = {isa = PBXBuildFile; fileRef = D9E27CDC1B6FBC4000397ADC /* RangePopoverViewController.swift */; };
/* End PBXBuildFile section */

/* Begin PBXContainerItemProxy section */
		D97C69921B2C757400590068 /* PBXContainerItemProxy */ = {
			isa = PBXContainerItemProxy;
			containerPortal = D97C69741B2C757400590068 /* Project object */;
			proxyType = 1;
			remoteGlobalIDString = D97C697B1B2C757400590068;
			remoteInfo = Mfrequency;
		};
/* End PBXContainerItemProxy section */

/* Begin PBXFileReference section */
		D97C697C1B2C757400590068 /* Mfrequency.app */ = {isa = PBXFileReference; explicitFileType = wrapper.application; includeInIndex = 0; path = Mfrequency.app; sourceTree = BUILT_PRODUCTS_DIR; };
		D97C69801B2C757400590068 /* Info.plist */ = {isa = PBXFileReference; lastKnownFileType = text.plist.xml; path = Info.plist; sourceTree = "<group>"; };
		D97C69811B2C757400590068 /* AppDelegate.swift */ = {isa = PBXFileReference; lastKnownFileType = sourcecode.swift; path = AppDelegate.swift; sourceTree = "<group>"; };
		D97C69831B2C757400590068 /* ViewController.swift */ = {isa = PBXFileReference; lastKnownFileType = sourcecode.swift; path = ViewController.swift; sourceTree = "<group>"; };
		D97C69861B2C757400590068 /* Base */ = {isa = PBXFileReference; lastKnownFileType = file.storyboard; name = Base; path = Base.lproj/Main.storyboard; sourceTree = "<group>"; };
		D97C69881B2C757400590068 /* Images.xcassets */ = {isa = PBXFileReference; lastKnownFileType = folder.assetcatalog; path = Images.xcassets; sourceTree = "<group>"; };
		D97C698B1B2C757400590068 /* Base */ = {isa = PBXFileReference; lastKnownFileType = file.xib; name = Base; path = Base.lproj/LaunchScreen.xib; sourceTree = "<group>"; };
		D97C69911B2C757400590068 /* MfrequencyTests.xctest */ = {isa = PBXFileReference; explicitFileType = wrapper.cfbundle; includeInIndex = 0; path = MfrequencyTests.xctest; sourceTree = BUILT_PRODUCTS_DIR; };
		D97C69961B2C757400590068 /* Info.plist */ = {isa = PBXFileReference; lastKnownFileType = text.plist.xml; path = Info.plist; sourceTree = "<group>"; };
		D97C69971B2C757400590068 /* MfrequencyTests.swift */ = {isa = PBXFileReference; lastKnownFileType = sourcecode.swift; path = MfrequencyTests.swift; sourceTree = "<group>"; };
		D97C69A11B2C86B600590068 /* OBSlider.h */ = {isa = PBXFileReference; fileEncoding = 4; lastKnownFileType = sourcecode.c.h; path = OBSlider.h; sourceTree = "<group>"; };
		D97C69A21B2C86B600590068 /* OBSlider.m */ = {isa = PBXFileReference; fileEncoding = 4; lastKnownFileType = sourcecode.c.objc; path = OBSlider.m; sourceTree = "<group>"; };
		D97C69A41B2C86EA00590068 /* Mfrequency-Bridging-Header.h */ = {isa = PBXFileReference; lastKnownFileType = sourcecode.c.h; name = "Mfrequency-Bridging-Header.h"; path = "../Mfrequency-Bridging-Header.h"; sourceTree = "<group>"; };
		D97C69A51B2C89CC00590068 /* toneGen.h */ = {isa = PBXFileReference; lastKnownFileType = sourcecode.c.h; path = toneGen.h; sourceTree = "<group>"; };
		D97C69A61B2C89EB00590068 /* toneGen.m */ = {isa = PBXFileReference; fileEncoding = 4; lastKnownFileType = sourcecode.c.objc; path = toneGen.m; sourceTree = "<group>"; };
		D97C69AA1B2C97E000590068 /* CoreAudio.framework */ = {isa = PBXFileReference; lastKnownFileType = wrapper.framework; name = CoreAudio.framework; path = System/Library/Frameworks/CoreAudio.framework; sourceTree = SDKROOT; };
		D97C69AE1B2C98D300590068 /* AudioToolbox.framework */ = {isa = PBXFileReference; lastKnownFileType = wrapper.framework; name = AudioToolbox.framework; path = System/Library/Frameworks/AudioToolbox.framework; sourceTree = SDKROOT; };
		D983CC251B42E603005AA49E /* background.jpg */ = {isa = PBXFileReference; lastKnownFileType = image.jpeg; name = background.jpg; path = Images.xcassets/background.jpg; sourceTree = "<group>"; };
		D9E27CDC1B6FBC4000397ADC /* RangePopoverViewController.swift */ = {isa = PBXFileReference; fileEncoding = 4; lastKnownFileType = sourcecode.swift; path = RangePopoverViewController.swift; sourceTree = "<group>"; };
/* End PBXFileReference section */

/* Begin PBXFrameworksBuildPhase section */
		D97C69791B2C757400590068 /* Frameworks */ = {
			isa = PBXFrameworksBuildPhase;
			buildActionMask = 2147483647;
			files = (
				D97C69AF1B2C98D300590068 /* AudioToolbox.framework in Frameworks */,
				D97C69AB1B2C97E000590068 /* CoreAudio.framework in Frameworks */,
			);
			runOnlyForDeploymentPostprocessing = 0;
		};
		D97C698E1B2C757400590068 /* Frameworks */ = {
			isa = PBXFrameworksBuildPhase;
			buildActionMask = 2147483647;
			files = (
			);
			runOnlyForDeploymentPostprocessing = 0;
		};
/* End PBXFrameworksBuildPhase section */

/* Begin PBXGroup section */
		D97C69731B2C757400590068 = {
			isa = PBXGroup;
			children = (
				D97C697E1B2C757400590068 /* Mfrequency */,
				D97C69941B2C757400590068 /* MfrequencyTests */,
				D97C697D1B2C757400590068 /* Products */,
			);
			sourceTree = "<group>";
		};
		D97C697D1B2C757400590068 /* Products */ = {
			isa = PBXGroup;
			children = (
				D97C697C1B2C757400590068 /* Mfrequency.app */,
				D97C69911B2C757400590068 /* MfrequencyTests.xctest */,
			);
			name = Products;
			sourceTree = "<group>";
		};
		D97C697E1B2C757400590068 /* Mfrequency */ = {
			isa = PBXGroup;
			children = (
				D983CC251B42E603005AA49E /* background.jpg */,
				D97C69851B2C757400590068 /* Main.storyboard */,
				D97C69831B2C757400590068 /* ViewController.swift */,
				D9E27CDC1B6FBC4000397ADC /* RangePopoverViewController.swift */,
				D97C69811B2C757400590068 /* AppDelegate.swift */,
				D97C69881B2C757400590068 /* Images.xcassets */,
				D97C698A1B2C757400590068 /* LaunchScreen.xib */,
				D97C697F1B2C757400590068 /* Supporting Files */,
			);
			path = Mfrequency;
			sourceTree = "<group>";
		};
		D97C697F1B2C757400590068 /* Supporting Files */ = {
			isa = PBXGroup;
			children = (
				D97C69A51B2C89CC00590068 /* toneGen.h */,
				D97C69A61B2C89EB00590068 /* toneGen.m */,
				D97C69A11B2C86B600590068 /* OBSlider.h */,
				D97C69A21B2C86B600590068 /* OBSlider.m */,
				D97C69801B2C757400590068 /* Info.plist */,
				D97C69A41B2C86EA00590068 /* Mfrequency-Bridging-Header.h */,
				D97C69AE1B2C98D300590068 /* AudioToolbox.framework */,
				D97C69AA1B2C97E000590068 /* CoreAudio.framework */,
			);
			name = "Supporting Files";
			sourceTree = "<group>";
		};
		D97C69941B2C757400590068 /* MfrequencyTests */ = {
			isa = PBXGroup;
			children = (
				D97C69971B2C757400590068 /* MfrequencyTests.swift */,
				D97C69951B2C757400590068 /* Supporting Files */,
			);
			path = MfrequencyTests;
			sourceTree = "<group>";
		};
		D97C69951B2C757400590068 /* Supporting Files */ = {
			isa = PBXGroup;
			children = (
				D97C69961B2C757400590068 /* Info.plist */,
			);
			name = "Supporting Files";
			sourceTree = "<group>";
		};
/* End PBXGroup section */

/* Begin PBXNativeTarget section */
		D97C697B1B2C757400590068 /* Mfrequency */ = {
			isa = PBXNativeTarget;
			buildConfigurationList = D97C699B1B2C757400590068 /* Build configuration list for PBXNativeTarget "Mfrequency" */;
			buildPhases = (
				D97C69781B2C757400590068 /* Sources */,
				D97C69791B2C757400590068 /* Frameworks */,
				D97C697A1B2C757400590068 /* Resources */,
			);
			buildRules = (
			);
			dependencies = (
			);
			name = Mfrequency;
			productName = Mfrequency;
			productReference = D97C697C1B2C757400590068 /* Mfrequency.app */;
			productType = "com.apple.product-type.application";
		};
		D97C69901B2C757400590068 /* MfrequencyTests */ = {
			isa = PBXNativeTarget;
			buildConfigurationList = D97C699E1B2C757400590068 /* Build configuration list for PBXNativeTarget "MfrequencyTests" */;
			buildPhases = (
				D97C698D1B2C757400590068 /* Sources */,
				D97C698E1B2C757400590068 /* Frameworks */,
				D97C698F1B2C757400590068 /* Resources */,
			);
			buildRules = (
			);
			dependencies = (
				D97C69931B2C757400590068 /* PBXTargetDependency */,
			);
			name = MfrequencyTests;
			productName = MfrequencyTests;
			productReference = D97C69911B2C757400590068 /* MfrequencyTests.xctest */;
			productType = "com.apple.product-type.bundle.unit-test";
		};
/* End PBXNativeTarget section */

/* Begin PBXProject section */
		D97C69741B2C757400590068 /* Project object */ = {
			isa = PBXProject;
			attributes = {
				LastSwiftUpdateCheck = 0700;
				LastUpgradeCheck = 0700;
				ORGANIZATIONNAME = CAEN;
				TargetAttributes = {
					D97C697B1B2C757400590068 = {
						CreatedOnToolsVersion = 6.3.2;
						DevelopmentTeam = D9GZK3CLYY;
					};
					D97C69901B2C757400590068 = {
						CreatedOnToolsVersion = 6.3.2;
						TestTargetID = D97C697B1B2C757400590068;
					};
				};
			};
			buildConfigurationList = D97C69771B2C757400590068 /* Build configuration list for PBXProject "Mfrequency" */;
			compatibilityVersion = "Xcode 3.2";
			developmentRegion = English;
			hasScannedForEncodings = 0;
			knownRegions = (
				en,
				Base,
			);
			mainGroup = D97C69731B2C757400590068;
			productRefGroup = D97C697D1B2C757400590068 /* Products */;
			projectDirPath = "";
			projectRoot = "";
			targets = (
				D97C697B1B2C757400590068 /* Mfrequency */,
				D97C69901B2C757400590068 /* MfrequencyTests */,
			);
		};
/* End PBXProject section */

/* Begin PBXResourcesBuildPhase section */
		D97C697A1B2C757400590068 /* Resources */ = {
			isa = PBXResourcesBuildPhase;
			buildActionMask = 2147483647;
			files = (
				D97C69871B2C757400590068 /* Main.storyboard in Resources */,
				D983CC261B42E603005AA49E /* background.jpg in Resources */,
				D97C698C1B2C757400590068 /* LaunchScreen.xib in Resources */,
				D97C69891B2C757400590068 /* Images.xcassets in Resources */,
			);
			runOnlyForDeploymentPostprocessing = 0;
		};
		D97C698F1B2C757400590068 /* Resources */ = {
			isa = PBXResourcesBuildPhase;
			buildActionMask = 2147483647;
			files = (
			);
			runOnlyForDeploymentPostprocessing = 0;
		};
/* End PBXResourcesBuildPhase section */

/* Begin PBXSourcesBuildPhase section */
		D97C69781B2C757400590068 /* Sources */ = {
			isa = PBXSourcesBuildPhase;
			buildActionMask = 2147483647;
			files = (
				D97C69A71B2C89EB00590068 /* toneGen.m in Sources */,
				D97C69841B2C757400590068 /* ViewController.swift in Sources */,
				D97C69A31B2C86B600590068 /* OBSlider.m in Sources */,
				D97C69821B2C757400590068 /* AppDelegate.swift in Sources */,
				D9E27CDD1B6FBC4000397ADC /* RangePopoverViewController.swift in Sources */,
			);
			runOnlyForDeploymentPostprocessing = 0;
		};
		D97C698D1B2C757400590068 /* Sources */ = {
			isa = PBXSourcesBuildPhase;
			buildActionMask = 2147483647;
			files = (
				D97C69981B2C757400590068 /* MfrequencyTests.swift in Sources */,
			);
			runOnlyForDeploymentPostprocessing = 0;
		};
/* End PBXSourcesBuildPhase section */

/* Begin PBXTargetDependency section */
		D97C69931B2C757400590068 /* PBXTargetDependency */ = {
			isa = PBXTargetDependency;
			target = D97C697B1B2C757400590068 /* Mfrequency */;
			targetProxy = D97C69921B2C757400590068 /* PBXContainerItemProxy */;
		};
/* End PBXTargetDependency section */

/* Begin PBXVariantGroup section */
		D97C69851B2C757400590068 /* Main.storyboard */ = {
			isa = PBXVariantGroup;
			children = (
				D97C69861B2C757400590068 /* Base */,
			);
			name = Main.storyboard;
			sourceTree = "<group>";
		};
		D97C698A1B2C757400590068 /* LaunchScreen.xib */ = {
			isa = PBXVariantGroup;
			children = (
				D97C698B1B2C757400590068 /* Base */,
			);
			name = LaunchScreen.xib;
			sourceTree = "<group>";
		};
/* End PBXVariantGroup section */

/* Begin XCBuildConfiguration section */
		D97C69991B2C757400590068 /* Debug */ = {
			isa = XCBuildConfiguration;
			buildSettings = {
				ALWAYS_SEARCH_USER_PATHS = NO;
				CLANG_CXX_LANGUAGE_STANDARD = "gnu++0x";
				CLANG_CXX_LIBRARY = "libc++";
				CLANG_ENABLE_MODULES = YES;
				CLANG_ENABLE_OBJC_ARC = YES;
				CLANG_WARN_BOOL_CONVERSION = YES;
				CLANG_WARN_CONSTANT_CONVERSION = YES;
				CLANG_WARN_DIRECT_OBJC_ISA_USAGE = YES_ERROR;
				CLANG_WARN_EMPTY_BODY = YES;
				CLANG_WARN_ENUM_CONVERSION = YES;
				CLANG_WARN_INT_CONVERSION = YES;
				CLANG_WARN_OBJC_ROOT_CLASS = YES_ERROR;
				CLANG_WARN_UNREACHABLE_CODE = YES;
				CLANG_WARN__DUPLICATE_METHOD_MATCH = YES;
				"CODE_SIGN_IDENTITY[sdk=iphoneos*]" = "iPhone Developer";
				COPY_PHASE_STRIP = NO;
				DEBUG_INFORMATION_FORMAT = "dwarf-with-dsym";
				ENABLE_STRICT_OBJC_MSGSEND = YES;
				ENABLE_TESTABILITY = YES;
				GCC_C_LANGUAGE_STANDARD = gnu99;
				GCC_DYNAMIC_NO_PIC = NO;
				GCC_NO_COMMON_BLOCKS = YES;
				GCC_OPTIMIZATION_LEVEL = 0;
				GCC_PREPROCESSOR_DEFINITIONS = (
					"DEBUG=1",
					"$(inherited)",
				);
				GCC_SYMBOLS_PRIVATE_EXTERN = NO;
				GCC_WARN_64_TO_32_BIT_CONVERSION = YES;
				GCC_WARN_ABOUT_RETURN_TYPE = YES_ERROR;
				GCC_WARN_UNDECLARED_SELECTOR = YES;
				GCC_WARN_UNINITIALIZED_AUTOS = YES_AGGRESSIVE;
				GCC_WARN_UNUSED_FUNCTION = YES;
				GCC_WARN_UNUSED_VARIABLE = YES;
				IPHONEOS_DEPLOYMENT_TARGET = 8.3;
				MTL_ENABLE_DEBUG_INFO = YES;
				ONLY_ACTIVE_ARCH = YES;
				SDKROOT = iphoneos;
				SWIFT_OBJC_BRIDGING_HEADER = "Mfrequency-Bridging-Header.h";
				SWIFT_OPTIMIZATION_LEVEL = "-Onone";
				TARGETED_DEVICE_FAMILY = "1,2";
			};
			name = Debug;
		};
		D97C699A1B2C757400590068 /* Release */ = {
			isa = XCBuildConfiguration;
			buildSettings = {
				ALWAYS_SEARCH_USER_PATHS = NO;
				CLANG_CXX_LANGUAGE_STANDARD = "gnu++0x";
				CLANG_CXX_LIBRARY = "libc++";
				CLANG_ENABLE_MODULES = YES;
				CLANG_ENABLE_OBJC_ARC = YES;
				CLANG_WARN_BOOL_CONVERSION = YES;
				CLANG_WARN_CONSTANT_CONVERSION = YES;
				CLANG_WARN_DIRECT_OBJC_ISA_USAGE = YES_ERROR;
				CLANG_WARN_EMPTY_BODY = YES;
				CLANG_WARN_ENUM_CONVERSION = YES;
				CLANG_WARN_INT_CONVERSION = YES;
				CLANG_WARN_OBJC_ROOT_CLASS = YES_ERROR;
				CLANG_WARN_UNREACHABLE_CODE = YES;
				CLANG_WARN__DUPLICATE_METHOD_MATCH = YES;
				"CODE_SIGN_IDENTITY[sdk=iphoneos*]" = "iPhone Developer";
				COPY_PHASE_STRIP = NO;
				DEBUG_INFORMATION_FORMAT = "dwarf-with-dsym";
				ENABLE_NS_ASSERTIONS = NO;
				ENABLE_STRICT_OBJC_MSGSEND = YES;
				GCC_C_LANGUAGE_STANDARD = gnu99;
				GCC_NO_COMMON_BLOCKS = YES;
				GCC_WARN_64_TO_32_BIT_CONVERSION = YES;
				GCC_WARN_ABOUT_RETURN_TYPE = YES_ERROR;
				GCC_WARN_UNDECLARED_SELECTOR = YES;
				GCC_WARN_UNINITIALIZED_AUTOS = YES_AGGRESSIVE;
				GCC_WARN_UNUSED_FUNCTION = YES;
				GCC_WARN_UNUSED_VARIABLE = YES;
				IPHONEOS_DEPLOYMENT_TARGET = 8.3;
				MTL_ENABLE_DEBUG_INFO = NO;
				SDKROOT = iphoneos;
				SWIFT_OBJC_BRIDGING_HEADER = "Mfrequency-Bridging-Header.h";
				TARGETED_DEVICE_FAMILY = "1,2";
				VALIDATE_PRODUCT = YES;
			};
			name = Release;
		};
		D97C699C1B2C757400590068 /* Debug */ = {
			isa = XCBuildConfiguration;
			buildSettings = {
				ASSETCATALOG_COMPILER_APPICON_NAME = AppIcon;
				CODE_SIGN_IDENTITY = "iPhone Developer";
				"CODE_SIGN_IDENTITY[sdk=iphoneos*]" = "iPhone Developer";
				INFOPLIST_FILE = Mfrequency/Info.plist;
				LD_RUNPATH_SEARCH_PATHS = "$(inherited) @executable_path/Frameworks";
				PRODUCT_BUNDLE_IDENTIFIER = "CAEN.$(PRODUCT_NAME:rfc1034identifier)";
				PRODUCT_NAME = "$(TARGET_NAME)";
				PROVISIONING_PROFILE = "";
				SWIFT_OBJC_BRIDGING_HEADER = "Mfrequency-Bridging-Header.h";
			};
			name = Debug;
		};
		D97C699D1B2C757400590068 /* Release */ = {
			isa = XCBuildConfiguration;
			buildSettings = {
				ASSETCATALOG_COMPILER_APPICON_NAME = AppIcon;
				CODE_SIGN_IDENTITY = "iPhone Developer";
				"CODE_SIGN_IDENTITY[sdk=iphoneos*]" = "iPhone Developer";
				INFOPLIST_FILE = Mfrequency/Info.plist;
				LD_RUNPATH_SEARCH_PATHS = "$(inherited) @executable_path/Frameworks";
				PRODUCT_BUNDLE_IDENTIFIER = "CAEN.$(PRODUCT_NAME:rfc1034identifier)";
				PRODUCT_NAME = "$(TARGET_NAME)";
				PROVISIONING_PROFILE = "";
				SWIFT_OBJC_BRIDGING_HEADER = "Mfrequency-Bridging-Header.h";
			};
			name = Release;
		};
		D97C699F1B2C757400590068 /* Debug */ = {
			isa = XCBuildConfiguration;
			buildSettings = {
				BUNDLE_LOADER = "$(TEST_HOST)";
				FRAMEWORK_SEARCH_PATHS = (
					"$(SDKROOT)/Developer/Library/Frameworks",
					"$(inherited)",
				);
				GCC_PREPROCESSOR_DEFINITIONS = (
					"DEBUG=1",
					"$(inherited)",
				);
				INFOPLIST_FILE = MfrequencyTests/Info.plist;
				LD_RUNPATH_SEARCH_PATHS = "$(inherited) @executable_path/Frameworks @loader_path/Frameworks";
				PRODUCT_BUNDLE_IDENTIFIER = "CAEN.$(PRODUCT_NAME:rfc1034identifier)";
				PRODUCT_NAME = "$(TARGET_NAME)";
				TEST_HOST = "$(BUILT_PRODUCTS_DIR)/Mfrequency.app/Mfrequency";
			};
			name = Debug;
		};
		D97C69A01B2C757400590068 /* Release */ = {
			isa = XCBuildConfiguration;
			buildSettings = {
				BUNDLE_LOADER = "$(TEST_HOST)";
				FRAMEWORK_SEARCH_PATHS = (
					"$(SDKROOT)/Developer/Library/Frameworks",
					"$(inherited)",
				);
				INFOPLIST_FILE = MfrequencyTests/Info.plist;
				LD_RUNPATH_SEARCH_PATHS = "$(inherited) @executable_path/Frameworks @loader_path/Frameworks";
				PRODUCT_BUNDLE_IDENTIFIER = "CAEN.$(PRODUCT_NAME:rfc1034identifier)";
				PRODUCT_NAME = "$(TARGET_NAME)";
				TEST_HOST = "$(BUILT_PRODUCTS_DIR)/Mfrequency.app/Mfrequency";
			};
			name = Release;
		};
/* End XCBuildConfiguration section */

/* Begin XCConfigurationList section */
		D97C69771B2C757400590068 /* Build configuration list for PBXProject "Mfrequency" */ = {
			isa = XCConfigurationList;
			buildConfigurations = (
				D97C69991B2C757400590068 /* Debug */,
				D97C699A1B2C757400590068 /* Release */,
			);
			defaultConfigurationIsVisible = 0;
			defaultConfigurationName = Release;
		};
		D97C699B1B2C757400590068 /* Build configuration list for PBXNativeTarget "Mfrequency" */ = {
			isa = XCConfigurationList;
			buildConfigurations = (
				D97C699C1B2C757400590068 /* Debug */,
				D97C699D1B2C757400590068 /* Release */,
			);
			defaultConfigurationIsVisible = 0;
			defaultConfigurationName = Release;
		};
		D97C699E1B2C757400590068 /* Build configuration list for PBXNativeTarget "MfrequencyTests" */ = {
			isa = XCConfigurationList;
			buildConfigurations = (
				D97C699F1B2C757400590068 /* Debug */,
				D97C69A01B2C757400590068 /* Release */,
			);
			defaultConfigurationIsVisible = 0;
			defaultConfigurationName = Release;
		};
/* End XCConfigurationList section */
	};
	rootObject = D97C69741B2C757400590068 /* Project object */;
}
